{
  "pins" : [
    {
      "identity" : "ios-sdk",
      "kind" : "remoteSourceControl",
      "location" : "https://github.com/causalfoundry/ios-sdk.git",
      "state" : {
        "branch" : "develop",
        "revision" : "b55227936f4f8ed761dff58c4ba8911c79f1e661"
      }
    }
  ],
  "version" : 2
}
