{
  "pins" : [
    {
      "identity" : "ios-sdk",
      "kind" : "remoteSourceControl",
      "location" : "https://github.com/causalfoundry/ios-sdk.git",
      "state" : {
        "branch" : "develop",
        "revision" : "384ee207a87213e34e53c5ee5edb4af09a8cd92c"
      }
    }
  ],
  "version" : 2
}
