{
  "pins" : [
    {
      "identity" : "ios-sdk",
      "kind" : "remoteSourceControl",
      "location" : "https://github.com/causalfoundry/ios-sdk.git",
      "state" : {
        "branch" : "develop",
        "revision" : "b37773379cc60963e7cefddf945b0930ef5b6832"
      }
    }
  ],
  "version" : 2
}
