{
  "pins" : [
    {
      "identity" : "ios-sdk",
      "kind" : "remoteSourceControl",
      "location" : "https://github.com/causalfoundry/ios-sdk.git",
      "state" : {
        "branch" : "develop",
        "revision" : "b03a8d5454ad3a19b84e4a3a90b79252ed83ec46"
      }
    }
  ],
  "version" : 2
}
