{
  "pins" : [
    {
      "identity" : "ios-sdk",
      "kind" : "remoteSourceControl",
      "location" : "https://github.com/causalfoundry/ios-sdk.git",
      "state" : {
        "branch" : "develop",
        "revision" : "2d9e9e1910aecac90627b3c1539767bb3f7d029f"
      }
    }
  ],
  "version" : 2
}
