// !$*UTF8*$!
{
	archiveVersion = 1;
	classes = {
	};
	objectVersion = 56;
	objects = {

/* Begin PBXBuildFile section */
		C45DCA8F2AEAA42C00509892 /* Core in Frameworks */ = {isa = PBXBuildFile; productRef = C45DCA8E2AEAA42C00509892 /* Core */; };
		C4A8BD9C2AC7758F00BA1323 /* AppDelegate.swift in Sources */ = {isa = PBXBuildFile; fileRef = C4A8BD9B2AC7758F00BA1323 /* AppDelegate.swift */; };
		C4A8BDA02AC7758F00BA1323 /* Login.swift in Sources */ = {isa = PBXBuildFile; fileRef = C4A8BD9F2AC7758F00BA1323 /* Login.swift */; };
		C4A8BDA32AC7758F00BA1323 /* Main.storyboard in Resources */ = {isa = PBXBuildFile; fileRef = C4A8BDA12AC7758F00BA1323 /* Main.storyboard */; };
		C4A8BDA52AC7759200BA1323 /* Assets.xcassets in Resources */ = {isa = PBXBuildFile; fileRef = C4A8BDA42AC7759200BA1323 /* Assets.xcassets */; };
		C4A8BDA82AC7759200BA1323 /* LaunchScreen.storyboard in Resources */ = {isa = PBXBuildFile; fileRef = C4A8BDA62AC7759200BA1323 /* LaunchScreen.storyboard */; };
		C4A8BDB32AC7759200BA1323 /* NewTestAppTests.swift in Sources */ = {isa = PBXBuildFile; fileRef = C4A8BDB22AC7759200BA1323 /* NewTestAppTests.swift */; };
		C4A8BDBD2AC7759200BA1323 /* NewTestAppUITests.swift in Sources */ = {isa = PBXBuildFile; fileRef = C4A8BDBC2AC7759200BA1323 /* NewTestAppUITests.swift */; };
		C4A8BDBF2AC7759200BA1323 /* NewTestAppUITestsLaunchTests.swift in Sources */ = {isa = PBXBuildFile; fileRef = C4A8BDBE2AC7759200BA1323 /* NewTestAppUITestsLaunchTests.swift */; };
/* End PBXBuildFile section */

/* Begin PBXContainerItemProxy section */
		C4A8BDAF2AC7759200BA1323 /* PBXContainerItemProxy */ = {
			isa = PBXContainerItemProxy;
			containerPortal = C4A8BD902AC7758F00BA1323 /* Project object */;
			proxyType = 1;
			remoteGlobalIDString = C4A8BD972AC7758F00BA1323;
			remoteInfo = NewTestApp;
		};
		C4A8BDB92AC7759200BA1323 /* PBXContainerItemProxy */ = {
			isa = PBXContainerItemProxy;
			containerPortal = C4A8BD902AC7758F00BA1323 /* Project object */;
			proxyType = 1;
			remoteGlobalIDString = C4A8BD972AC7758F00BA1323;
			remoteInfo = NewTestApp;
		};
/* End PBXContainerItemProxy section */

/* Begin PBXFileReference section */
		C4A8BD982AC7758F00BA1323 /* NewTestApp.app */ = {isa = PBXFileReference; explicitFileType = wrapper.application; includeInIndex = 0; path = NewTestApp.app; sourceTree = BUILT_PRODUCTS_DIR; };
		C4A8BD9B2AC7758F00BA1323 /* AppDelegate.swift */ = {isa = PBXFileReference; lastKnownFileType = sourcecode.swift; path = AppDelegate.swift; sourceTree = "<group>"; };
		C4A8BD9F2AC7758F00BA1323 /* Login.swift */ = {isa = PBXFileReference; lastKnownFileType = sourcecode.swift; path = Login.swift; sourceTree = "<group>"; };
		C4A8BDA22AC7758F00BA1323 /* Base */ = {isa = PBXFileReference; lastKnownFileType = file.storyboard; name = Base; path = Base.lproj/Main.storyboard; sourceTree = "<group>"; };
		C4A8BDA42AC7759200BA1323 /* Assets.xcassets */ = {isa = PBXFileReference; lastKnownFileType = folder.assetcatalog; path = Assets.xcassets; sourceTree = "<group>"; };
		C4A8BDA72AC7759200BA1323 /* Base */ = {isa = PBXFileReference; lastKnownFileType = file.storyboard; name = Base; path = Base.lproj/LaunchScreen.storyboard; sourceTree = "<group>"; };
		C4A8BDA92AC7759200BA1323 /* Info.plist */ = {isa = PBXFileReference; lastKnownFileType = text.plist.xml; path = Info.plist; sourceTree = "<group>"; };
		C4A8BDAE2AC7759200BA1323 /* NewTestAppTests.xctest */ = {isa = PBXFileReference; explicitFileType = wrapper.cfbundle; includeInIndex = 0; path = NewTestAppTests.xctest; sourceTree = BUILT_PRODUCTS_DIR; };
		C4A8BDB22AC7759200BA1323 /* NewTestAppTests.swift */ = {isa = PBXFileReference; lastKnownFileType = sourcecode.swift; path = NewTestAppTests.swift; sourceTree = "<group>"; };
		C4A8BDB82AC7759200BA1323 /* NewTestAppUITests.xctest */ = {isa = PBXFileReference; explicitFileType = wrapper.cfbundle; includeInIndex = 0; path = NewTestAppUITests.xctest; sourceTree = BUILT_PRODUCTS_DIR; };
		C4A8BDBC2AC7759200BA1323 /* NewTestAppUITests.swift */ = {isa = PBXFileReference; lastKnownFileType = sourcecode.swift; path = NewTestAppUITests.swift; sourceTree = "<group>"; };
		C4A8BDBE2AC7759200BA1323 /* NewTestAppUITestsLaunchTests.swift */ = {isa = PBXFileReference; lastKnownFileType = sourcecode.swift; path = NewTestAppUITestsLaunchTests.swift; sourceTree = "<group>"; };
/* End PBXFileReference section */

/* Begin PBXFrameworksBuildPhase section */
		C4A8BD952AC7758F00BA1323 /* Frameworks */ = {
			isa = PBXFrameworksBuildPhase;
			buildActionMask = 2147483647;
			files = (
				C45DCA8F2AEAA42C00509892 /* Core in Frameworks */,
			);
			runOnlyForDeploymentPostprocessing = 0;
		};
		C4A8BDAB2AC7759200BA1323 /* Frameworks */ = {
			isa = PBXFrameworksBuildPhase;
			buildActionMask = 2147483647;
			files = (
			);
			runOnlyForDeploymentPostprocessing = 0;
		};
		C4A8BDB52AC7759200BA1323 /* Frameworks */ = {
			isa = PBXFrameworksBuildPhase;
			buildActionMask = 2147483647;
			files = (
			);
			runOnlyForDeploymentPostprocessing = 0;
		};
/* End PBXFrameworksBuildPhase section */

/* Begin PBXGroup section */
		C41DB9BC2AC8EB2F00F0B037 /* Frameworks */ = {
			isa = PBXGroup;
			children = (
			);
			name = Frameworks;
			sourceTree = "<group>";
		};
		C4A8BD8F2AC7758F00BA1323 = {
			isa = PBXGroup;
			children = (
				C4A8BD9A2AC7758F00BA1323 /* NewTestApp */,
				C4A8BDB12AC7759200BA1323 /* NewTestAppTests */,
				C4A8BDBB2AC7759200BA1323 /* NewTestAppUITests */,
				C4A8BD992AC7758F00BA1323 /* Products */,
				C41DB9BC2AC8EB2F00F0B037 /* Frameworks */,
			);
			sourceTree = "<group>";
		};
		C4A8BD992AC7758F00BA1323 /* Products */ = {
			isa = PBXGroup;
			children = (
				C4A8BD982AC7758F00BA1323 /* NewTestApp.app */,
				C4A8BDAE2AC7759200BA1323 /* NewTestAppTests.xctest */,
				C4A8BDB82AC7759200BA1323 /* NewTestAppUITests.xctest */,
			);
			name = Products;
			sourceTree = "<group>";
		};
		C4A8BD9A2AC7758F00BA1323 /* NewTestApp */ = {
			isa = PBXGroup;
			children = (
				C4A8BD9B2AC7758F00BA1323 /* AppDelegate.swift */,
				C4A8BD9F2AC7758F00BA1323 /* Login.swift */,
				C4A8BDA12AC7758F00BA1323 /* Main.storyboard */,
				C4A8BDA42AC7759200BA1323 /* Assets.xcassets */,
				C4A8BDA62AC7759200BA1323 /* LaunchScreen.storyboard */,
				C4A8BDA92AC7759200BA1323 /* Info.plist */,
			);
			path = NewTestApp;
			sourceTree = "<group>";
		};
		C4A8BDB12AC7759200BA1323 /* NewTestAppTests */ = {
			isa = PBXGroup;
			children = (
				C4A8BDB22AC7759200BA1323 /* NewTestAppTests.swift */,
			);
			path = NewTestAppTests;
			sourceTree = "<group>";
		};
		C4A8BDBB2AC7759200BA1323 /* NewTestAppUITests */ = {
			isa = PBXGroup;
			children = (
				C4A8BDBC2AC7759200BA1323 /* NewTestAppUITests.swift */,
				C4A8BDBE2AC7759200BA1323 /* NewTestAppUITestsLaunchTests.swift */,
			);
			path = NewTestAppUITests;
			sourceTree = "<group>";
		};
/* End PBXGroup section */

/* Begin PBXNativeTarget section */
		C4A8BD972AC7758F00BA1323 /* NewTestApp */ = {
			isa = PBXNativeTarget;
			buildConfigurationList = C4A8BDC22AC7759200BA1323 /* Build configuration list for PBXNativeTarget "NewTestApp" */;
			buildPhases = (
				C4A8BD942AC7758F00BA1323 /* Sources */,
				C4A8BD952AC7758F00BA1323 /* Frameworks */,
				C4A8BD962AC7758F00BA1323 /* Resources */,
			);
			buildRules = (
			);
			dependencies = (
			);
			name = NewTestApp;
			packageProductDependencies = (
				C45DCA8E2AEAA42C00509892 /* Core */,
			);
			productName = NewTestApp;
			productReference = C4A8BD982AC7758F00BA1323 /* NewTestApp.app */;
			productType = "com.apple.product-type.application";
		};
		C4A8BDAD2AC7759200BA1323 /* NewTestAppTests */ = {
			isa = PBXNativeTarget;
			buildConfigurationList = C4A8BDC52AC7759200BA1323 /* Build configuration list for PBXNativeTarget "NewTestAppTests" */;
			buildPhases = (
				C4A8BDAA2AC7759200BA1323 /* Sources */,
				C4A8BDAB2AC7759200BA1323 /* Frameworks */,
				C4A8BDAC2AC7759200BA1323 /* Resources */,
			);
			buildRules = (
			);
			dependencies = (
				C4A8BDB02AC7759200BA1323 /* PBXTargetDependency */,
			);
			name = NewTestAppTests;
			productName = NewTestAppTests;
			productReference = C4A8BDAE2AC7759200BA1323 /* NewTestAppTests.xctest */;
			productType = "com.apple.product-type.bundle.unit-test";
		};
		C4A8BDB72AC7759200BA1323 /* NewTestAppUITests */ = {
			isa = PBXNativeTarget;
			buildConfigurationList = C4A8BDC82AC7759200BA1323 /* Build configuration list for PBXNativeTarget "NewTestAppUITests" */;
			buildPhases = (
				C4A8BDB42AC7759200BA1323 /* Sources */,
				C4A8BDB52AC7759200BA1323 /* Frameworks */,
				C4A8BDB62AC7759200BA1323 /* Resources */,
			);
			buildRules = (
			);
			dependencies = (
				C4A8BDBA2AC7759200BA1323 /* PBXTargetDependency */,
			);
			name = NewTestAppUITests;
			productName = NewTestAppUITests;
			productReference = C4A8BDB82AC7759200BA1323 /* NewTestAppUITests.xctest */;
			productType = "com.apple.product-type.bundle.ui-testing";
		};
/* End PBXNativeTarget section */

/* Begin PBXProject section */
		C4A8BD902AC7758F00BA1323 /* Project object */ = {
			isa = PBXProject;
			attributes = {
				BuildIndependentTargetsInParallel = 1;
				LastSwiftUpdateCheck = 1500;
				LastUpgradeCheck = 1500;
				TargetAttributes = {
					C4A8BD972AC7758F00BA1323 = {
						CreatedOnToolsVersion = 15.0;
					};
					C4A8BDAD2AC7759200BA1323 = {
						CreatedOnToolsVersion = 15.0;
						TestTargetID = C4A8BD972AC7758F00BA1323;
					};
					C4A8BDB72AC7759200BA1323 = {
						CreatedOnToolsVersion = 15.0;
						TestTargetID = C4A8BD972AC7758F00BA1323;
					};
				};
			};
			buildConfigurationList = C4A8BD932AC7758F00BA1323 /* Build configuration list for PBXProject "NewTestApp" */;
			compatibilityVersion = "Xcode 14.0";
			developmentRegion = en;
			hasScannedForEncodings = 0;
			knownRegions = (
				en,
				Base,
			);
			mainGroup = C4A8BD8F2AC7758F00BA1323;
			packageReferences = (
				C45DCA8D2AEAA42C00509892 /* XCRemoteSwiftPackageReference "ios-sdk" */,
			);
			productRefGroup = C4A8BD992AC7758F00BA1323 /* Products */;
			projectDirPath = "";
			projectRoot = "";
			targets = (
				C4A8BD972AC7758F00BA1323 /* NewTestApp */,
				C4A8BDAD2AC7759200BA1323 /* NewTestAppTests */,
				C4A8BDB72AC7759200BA1323 /* NewTestAppUITests */,
			);
		};
/* End PBXProject section */

/* Begin PBXResourcesBuildPhase section */
		C4A8BD962AC7758F00BA1323 /* Resources */ = {
			isa = PBXResourcesBuildPhase;
			buildActionMask = 2147483647;
			files = (
				C4A8BDA82AC7759200BA1323 /* LaunchScreen.storyboard in Resources */,
				C4A8BDA52AC7759200BA1323 /* Assets.xcassets in Resources */,
				C4A8BDA32AC7758F00BA1323 /* Main.storyboard in Resources */,
			);
			runOnlyForDeploymentPostprocessing = 0;
		};
		C4A8BDAC2AC7759200BA1323 /* Resources */ = {
			isa = PBXResourcesBuildPhase;
			buildActionMask = 2147483647;
			files = (
			);
			runOnlyForDeploymentPostprocessing = 0;
		};
		C4A8BDB62AC7759200BA1323 /* Resources */ = {
			isa = PBXResourcesBuildPhase;
			buildActionMask = 2147483647;
			files = (
			);
			runOnlyForDeploymentPostprocessing = 0;
		};
/* End PBXResourcesBuildPhase section */

/* Begin PBXSourcesBuildPhase section */
		C4A8BD942AC7758F00BA1323 /* Sources */ = {
			isa = PBXSourcesBuildPhase;
			buildActionMask = 2147483647;
			files = (
				C4A8BDA02AC7758F00BA1323 /* Login.swift in Sources */,
				C4A8BD9C2AC7758F00BA1323 /* AppDelegate.swift in Sources */,
			);
			runOnlyForDeploymentPostprocessing = 0;
		};
		C4A8BDAA2AC7759200BA1323 /* Sources */ = {
			isa = PBXSourcesBuildPhase;
			buildActionMask = 2147483647;
			files = (
				C4A8BDB32AC7759200BA1323 /* NewTestAppTests.swift in Sources */,
			);
			runOnlyForDeploymentPostprocessing = 0;
		};
		C4A8BDB42AC7759200BA1323 /* Sources */ = {
			isa = PBXSourcesBuildPhase;
			buildActionMask = 2147483647;
			files = (
				C4A8BDBD2AC7759200BA1323 /* NewTestAppUITests.swift in Sources */,
				C4A8BDBF2AC7759200BA1323 /* NewTestAppUITestsLaunchTests.swift in Sources */,
			);
			runOnlyForDeploymentPostprocessing = 0;
		};
/* End PBXSourcesBuildPhase section */

/* Begin PBXTargetDependency section */
		C4A8BDB02AC7759200BA1323 /* PBXTargetDependency */ = {
			isa = PBXTargetDependency;
			target = C4A8BD972AC7758F00BA1323 /* NewTestApp */;
			targetProxy = C4A8BDAF2AC7759200BA1323 /* PBXContainerItemProxy */;
		};
		C4A8BDBA2AC7759200BA1323 /* PBXTargetDependency */ = {
			isa = PBXTargetDependency;
			target = C4A8BD972AC7758F00BA1323 /* NewTestApp */;
			targetProxy = C4A8BDB92AC7759200BA1323 /* PBXContainerItemProxy */;
		};
/* End PBXTargetDependency section */

/* Begin PBXVariantGroup section */
		C4A8BDA12AC7758F00BA1323 /* Main.storyboard */ = {
			isa = PBXVariantGroup;
			children = (
				C4A8BDA22AC7758F00BA1323 /* Base */,
			);
			name = Main.storyboard;
			sourceTree = "<group>";
		};
		C4A8BDA62AC7759200BA1323 /* LaunchScreen.storyboard */ = {
			isa = PBXVariantGroup;
			children = (
				C4A8BDA72AC7759200BA1323 /* Base */,
			);
			name = LaunchScreen.storyboard;
			sourceTree = "<group>";
		};
/* End PBXVariantGroup section */

/* Begin XCBuildConfiguration section */
		C4A8BDC02AC7759200BA1323 /* Debug */ = {
			isa = XCBuildConfiguration;
			buildSettings = {
				ALWAYS_SEARCH_USER_PATHS = NO;
				ASSETCATALOG_COMPILER_GENERATE_SWIFT_ASSET_SYMBOL_EXTENSIONS = YES;
				CLANG_ANALYZER_NONNULL = YES;
				CLANG_ANALYZER_NUMBER_OBJECT_CONVERSION = YES_AGGRESSIVE;
				CLANG_CXX_LANGUAGE_STANDARD = "gnu++20";
				CLANG_ENABLE_MODULES = YES;
				CLANG_ENABLE_OBJC_ARC = YES;
				CLANG_ENABLE_OBJC_WEAK = YES;
				CLANG_WARN_BLOCK_CAPTURE_AUTORELEASING = YES;
				CLANG_WARN_BOOL_CONVERSION = YES;
				CLANG_WARN_COMMA = YES;
				CLANG_WARN_CONSTANT_CONVERSION = YES;
				CLANG_WARN_DEPRECATED_OBJC_IMPLEMENTATIONS = YES;
				CLANG_WARN_DIRECT_OBJC_ISA_USAGE = YES_ERROR;
				CLANG_WARN_DOCUMENTATION_COMMENTS = YES;
				CLANG_WARN_EMPTY_BODY = YES;
				CLANG_WARN_ENUM_CONVERSION = YES;
				CLANG_WARN_INFINITE_RECURSION = YES;
				CLANG_WARN_INT_CONVERSION = YES;
				CLANG_WARN_NON_LITERAL_NULL_CONVERSION = YES;
				CLANG_WARN_OBJC_IMPLICIT_RETAIN_SELF = YES;
				CLANG_WARN_OBJC_LITERAL_CONVERSION = YES;
				CLANG_WARN_OBJC_ROOT_CLASS = YES_ERROR;
				CLANG_WARN_QUOTED_INCLUDE_IN_FRAMEWORK_HEADER = YES;
				CLANG_WARN_RANGE_LOOP_ANALYSIS = YES;
				CLANG_WARN_STRICT_PROTOTYPES = YES;
				CLANG_WARN_SUSPICIOUS_MOVE = YES;
				CLANG_WARN_UNGUARDED_AVAILABILITY = YES_AGGRESSIVE;
				CLANG_WARN_UNREACHABLE_CODE = YES;
				CLANG_WARN__DUPLICATE_METHOD_MATCH = YES;
				COPY_PHASE_STRIP = NO;
				DEBUG_INFORMATION_FORMAT = dwarf;
				ENABLE_STRICT_OBJC_MSGSEND = YES;
				ENABLE_TESTABILITY = YES;
				ENABLE_USER_SCRIPT_SANDBOXING = YES;
				GCC_C_LANGUAGE_STANDARD = gnu17;
				GCC_DYNAMIC_NO_PIC = NO;
				GCC_NO_COMMON_BLOCKS = YES;
				GCC_OPTIMIZATION_LEVEL = 0;
				GCC_PREPROCESSOR_DEFINITIONS = (
					"DEBUG=1",
					"$(inherited)",
				);
				GCC_WARN_64_TO_32_BIT_CONVERSION = YES;
				GCC_WARN_ABOUT_RETURN_TYPE = YES_ERROR;
				GCC_WARN_UNDECLARED_SELECTOR = YES;
				GCC_WARN_UNINITIALIZED_AUTOS = YES_AGGRESSIVE;
				GCC_WARN_UNUSED_FUNCTION = YES;
				GCC_WARN_UNUSED_VARIABLE = YES;
				IPHONEOS_DEPLOYMENT_TARGET = 17.0;
				LOCALIZATION_PREFERS_STRING_CATALOGS = YES;
				MTL_ENABLE_DEBUG_INFO = INCLUDE_SOURCE;
				MTL_FAST_MATH = YES;
				ONLY_ACTIVE_ARCH = YES;
				SDKROOT = iphoneos;
				SWIFT_ACTIVE_COMPILATION_CONDITIONS = "DEBUG $(inherited)";
				SWIFT_OPTIMIZATION_LEVEL = "-Onone";
			};
			name = Debug;
		};
		C4A8BDC12AC7759200BA1323 /* Release */ = {
			isa = XCBuildConfiguration;
			buildSettings = {
				ALWAYS_SEARCH_USER_PATHS = NO;
				ASSETCATALOG_COMPILER_GENERATE_SWIFT_ASSET_SYMBOL_EXTENSIONS = YES;
				CLANG_ANALYZER_NONNULL = YES;
				CLANG_ANALYZER_NUMBER_OBJECT_CONVERSION = YES_AGGRESSIVE;
				CLANG_CXX_LANGUAGE_STANDARD = "gnu++20";
				CLANG_ENABLE_MODULES = YES;
				CLANG_ENABLE_OBJC_ARC = YES;
				CLANG_ENABLE_OBJC_WEAK = YES;
				CLANG_WARN_BLOCK_CAPTURE_AUTORELEASING = YES;
				CLANG_WARN_BOOL_CONVERSION = YES;
				CLANG_WARN_COMMA = YES;
				CLANG_WARN_CONSTANT_CONVERSION = YES;
				CLANG_WARN_DEPRECATED_OBJC_IMPLEMENTATIONS = YES;
				CLANG_WARN_DIRECT_OBJC_ISA_USAGE = YES_ERROR;
				CLANG_WARN_DOCUMENTATION_COMMENTS = YES;
				CLANG_WARN_EMPTY_BODY = YES;
				CLANG_WARN_ENUM_CONVERSION = YES;
				CLANG_WARN_INFINITE_RECURSION = YES;
				CLANG_WARN_INT_CONVERSION = YES;
				CLANG_WARN_NON_LITERAL_NULL_CONVERSION = YES;
				CLANG_WARN_OBJC_IMPLICIT_RETAIN_SELF = YES;
				CLANG_WARN_OBJC_LITERAL_CONVERSION = YES;
				CLANG_WARN_OBJC_ROOT_CLASS = YES_ERROR;
				CLANG_WARN_QUOTED_INCLUDE_IN_FRAMEWORK_HEADER = YES;
				CLANG_WARN_RANGE_LOOP_ANALYSIS = YES;
				CLANG_WARN_STRICT_PROTOTYPES = YES;
				CLANG_WARN_SUSPICIOUS_MOVE = YES;
				CLANG_WARN_UNGUARDED_AVAILABILITY = YES_AGGRESSIVE;
				CLANG_WARN_UNREACHABLE_CODE = YES;
				CLANG_WARN__DUPLICATE_METHOD_MATCH = YES;
				COPY_PHASE_STRIP = NO;
				DEBUG_INFORMATION_FORMAT = "dwarf-with-dsym";
				ENABLE_NS_ASSERTIONS = NO;
				ENABLE_STRICT_OBJC_MSGSEND = YES;
				ENABLE_USER_SCRIPT_SANDBOXING = YES;
				GCC_C_LANGUAGE_STANDARD = gnu17;
				GCC_NO_COMMON_BLOCKS = YES;
				GCC_WARN_64_TO_32_BIT_CONVERSION = YES;
				GCC_WARN_ABOUT_RETURN_TYPE = YES_ERROR;
				GCC_WARN_UNDECLARED_SELECTOR = YES;
				GCC_WARN_UNINITIALIZED_AUTOS = YES_AGGRESSIVE;
				GCC_WARN_UNUSED_FUNCTION = YES;
				GCC_WARN_UNUSED_VARIABLE = YES;
				IPHONEOS_DEPLOYMENT_TARGET = 17.0;
				LOCALIZATION_PREFERS_STRING_CATALOGS = YES;
				MTL_ENABLE_DEBUG_INFO = NO;
				MTL_FAST_MATH = YES;
				SDKROOT = iphoneos;
				SWIFT_COMPILATION_MODE = wholemodule;
				VALIDATE_PRODUCT = YES;
			};
			name = Release;
		};
		C4A8BDC32AC7759200BA1323 /* Debug */ = {
			isa = XCBuildConfiguration;
			buildSettings = {
				ASSETCATALOG_COMPILER_APPICON_NAME = AppIcon;
				ASSETCATALOG_COMPILER_GLOBAL_ACCENT_COLOR_NAME = AccentColor;
				CODE_SIGN_STYLE = Automatic;
				CURRENT_PROJECT_VERSION = 1.2;
				DEVELOPMENT_TEAM = MMPBG2S9NW;
				GENERATE_INFOPLIST_FILE = YES;
				INFOPLIST_FILE = NewTestApp/Info.plist;
				INFOPLIST_KEY_UIApplicationSupportsIndirectInputEvents = YES;
				INFOPLIST_KEY_UILaunchStoryboardName = LaunchScreen;
				INFOPLIST_KEY_UIMainStoryboardFile = Main;
				INFOPLIST_KEY_UISupportedInterfaceOrientations_iPad = "UIInterfaceOrientationPortrait UIInterfaceOrientationPortraitUpsideDown UIInterfaceOrientationLandscapeLeft UIInterfaceOrientationLandscapeRight";
				INFOPLIST_KEY_UISupportedInterfaceOrientations_iPhone = "UIInterfaceOrientationPortrait UIInterfaceOrientationLandscapeLeft UIInterfaceOrientationLandscapeRight";
				LD_RUNPATH_SEARCH_PATHS = (
					"$(inherited)",
					"@executable_path/Frameworks",
				);
				MARKETING_VERSION = 1.0;
				PRODUCT_BUNDLE_IDENTIFIER = com.Casualfoundry.NewTestApp;
				PRODUCT_NAME = "$(TARGET_NAME)";
				SWIFT_EMIT_LOC_STRINGS = YES;
				SWIFT_VERSION = 5.0;
				TARGETED_DEVICE_FAMILY = "1,2";
			};
			name = Debug;
		};
		C4A8BDC42AC7759200BA1323 /* Release */ = {
			isa = XCBuildConfiguration;
			buildSettings = {
				ASSETCATALOG_COMPILER_APPICON_NAME = AppIcon;
				ASSETCATALOG_COMPILER_GLOBAL_ACCENT_COLOR_NAME = AccentColor;
				CODE_SIGN_STYLE = Automatic;
				CURRENT_PROJECT_VERSION = 1.2;
				DEVELOPMENT_TEAM = MMPBG2S9NW;
				GENERATE_INFOPLIST_FILE = YES;
				INFOPLIST_FILE = NewTestApp/Info.plist;
				INFOPLIST_KEY_UIApplicationSupportsIndirectInputEvents = YES;
				INFOPLIST_KEY_UILaunchStoryboardName = LaunchScreen;
				INFOPLIST_KEY_UIMainStoryboardFile = Main;
				INFOPLIST_KEY_UISupportedInterfaceOrientations_iPad = "UIInterfaceOrientationPortrait UIInterfaceOrientationPortraitUpsideDown UIInterfaceOrientationLandscapeLeft UIInterfaceOrientationLandscapeRight";
				INFOPLIST_KEY_UISupportedInterfaceOrientations_iPhone = "UIInterfaceOrientationPortrait UIInterfaceOrientationLandscapeLeft UIInterfaceOrientationLandscapeRight";
				LD_RUNPATH_SEARCH_PATHS = (
					"$(inherited)",
					"@executable_path/Frameworks",
				);
				MARKETING_VERSION = 1.0;
				PRODUCT_BUNDLE_IDENTIFIER = com.Casualfoundry.NewTestApp;
				PRODUCT_NAME = "$(TARGET_NAME)";
				SWIFT_EMIT_LOC_STRINGS = YES;
				SWIFT_VERSION = 5.0;
				TARGETED_DEVICE_FAMILY = "1,2";
			};
			name = Release;
		};
		C4A8BDC62AC7759200BA1323 /* Debug */ = {
			isa = XCBuildConfiguration;
			buildSettings = {
				ALWAYS_EMBED_SWIFT_STANDARD_LIBRARIES = YES;
				BUNDLE_LOADER = "$(TEST_HOST)";
				CODE_SIGN_STYLE = Automatic;
				CURRENT_PROJECT_VERSION = 1;
				DEVELOPMENT_TEAM = MMPBG2S9NW;
				GENERATE_INFOPLIST_FILE = YES;
				IPHONEOS_DEPLOYMENT_TARGET = 17.0;
				MARKETING_VERSION = 1.0;
				PRODUCT_BUNDLE_IDENTIFIER = com.Casualfoundry.NewTestAppTests;
				PRODUCT_NAME = "$(TARGET_NAME)";
				SWIFT_EMIT_LOC_STRINGS = NO;
				SWIFT_VERSION = 5.0;
				TARGETED_DEVICE_FAMILY = "1,2";
				TEST_HOST = "$(BUILT_PRODUCTS_DIR)/NewTestApp.app/$(BUNDLE_EXECUTABLE_FOLDER_PATH)/NewTestApp";
			};
			name = Debug;
		};
		C4A8BDC72AC7759200BA1323 /* Release */ = {
			isa = XCBuildConfiguration;
			buildSettings = {
				ALWAYS_EMBED_SWIFT_STANDARD_LIBRARIES = YES;
				BUNDLE_LOADER = "$(TEST_HOST)";
				CODE_SIGN_STYLE = Automatic;
				CURRENT_PROJECT_VERSION = 1;
				DEVELOPMENT_TEAM = MMPBG2S9NW;
				GENERATE_INFOPLIST_FILE = YES;
				IPHONEOS_DEPLOYMENT_TARGET = 17.0;
				MARKETING_VERSION = 1.0;
				PRODUCT_BUNDLE_IDENTIFIER = com.Casualfoundry.NewTestAppTests;
				PRODUCT_NAME = "$(TARGET_NAME)";
				SWIFT_EMIT_LOC_STRINGS = NO;
				SWIFT_VERSION = 5.0;
				TARGETED_DEVICE_FAMILY = "1,2";
				TEST_HOST = "$(BUILT_PRODUCTS_DIR)/NewTestApp.app/$(BUNDLE_EXECUTABLE_FOLDER_PATH)/NewTestApp";
			};
			name = Release;
		};
		C4A8BDC92AC7759200BA1323 /* Debug */ = {
			isa = XCBuildConfiguration;
			buildSettings = {
				ALWAYS_EMBED_SWIFT_STANDARD_LIBRARIES = YES;
				CODE_SIGN_STYLE = Automatic;
				CURRENT_PROJECT_VERSION = 1;
				DEVELOPMENT_TEAM = MMPBG2S9NW;
				GENERATE_INFOPLIST_FILE = YES;
				MARKETING_VERSION = 1.0;
				PRODUCT_BUNDLE_IDENTIFIER = com.Casualfoundry.NewTestAppUITests;
				PRODUCT_NAME = "$(TARGET_NAME)";
				SWIFT_EMIT_LOC_STRINGS = NO;
				SWIFT_VERSION = 5.0;
				TARGETED_DEVICE_FAMILY = "1,2";
				TEST_TARGET_NAME = NewTestApp;
			};
			name = Debug;
		};
		C4A8BDCA2AC7759200BA1323 /* Release */ = {
			isa = XCBuildConfiguration;
			buildSettings = {
				ALWAYS_EMBED_SWIFT_STANDARD_LIBRARIES = YES;
				CODE_SIGN_STYLE = Automatic;
				CURRENT_PROJECT_VERSION = 1;
				DEVELOPMENT_TEAM = MMPBG2S9NW;
				GENERATE_INFOPLIST_FILE = YES;
				MARKETING_VERSION = 1.0;
				PRODUCT_BUNDLE_IDENTIFIER = com.Casualfoundry.NewTestAppUITests;
				PRODUCT_NAME = "$(TARGET_NAME)";
				SWIFT_EMIT_LOC_STRINGS = NO;
				SWIFT_VERSION = 5.0;
				TARGETED_DEVICE_FAMILY = "1,2";
				TEST_TARGET_NAME = NewTestApp;
			};
			name = Release;
		};
/* End XCBuildConfiguration section */

/* Begin XCConfigurationList section */
		C4A8BD932AC7758F00BA1323 /* Build configuration list for PBXProject "NewTestApp" */ = {
			isa = XCConfigurationList;
			buildConfigurations = (
				C4A8BDC02AC7759200BA1323 /* Debug */,
				C4A8BDC12AC7759200BA1323 /* Release */,
			);
			defaultConfigurationIsVisible = 0;
			defaultConfigurationName = Release;
		};
		C4A8BDC22AC7759200BA1323 /* Build configuration list for PBXNativeTarget "NewTestApp" */ = {
			isa = XCConfigurationList;
			buildConfigurations = (
				C4A8BDC32AC7759200BA1323 /* Debug */,
				C4A8BDC42AC7759200BA1323 /* Release */,
			);
			defaultConfigurationIsVisible = 0;
			defaultConfigurationName = Release;
		};
		C4A8BDC52AC7759200BA1323 /* Build configuration list for PBXNativeTarget "NewTestAppTests" */ = {
			isa = XCConfigurationList;
			buildConfigurations = (
				C4A8BDC62AC7759200BA1323 /* Debug */,
				C4A8BDC72AC7759200BA1323 /* Release */,
			);
			defaultConfigurationIsVisible = 0;
			defaultConfigurationName = Release;
		};
		C4A8BDC82AC7759200BA1323 /* Build configuration list for PBXNativeTarget "NewTestAppUITests" */ = {
			isa = XCConfigurationList;
			buildConfigurations = (
				C4A8BDC92AC7759200BA1323 /* Debug */,
				C4A8BDCA2AC7759200BA1323 /* Release */,
			);
			defaultConfigurationIsVisible = 0;
			defaultConfigurationName = Release;
		};
/* End XCConfigurationList section */

/* Begin XCRemoteSwiftPackageReference section */
		C45DCA8D2AEAA42C00509892 /* XCRemoteSwiftPackageReference "ios-sdk" */ = {
			isa = XCRemoteSwiftPackageReference;
			repositoryURL = "https://github.com/causalfoundry/ios-sdk.git";
			requirement = {
				branch = develop;
				kind = branch;
			};
		};
/* End XCRemoteSwiftPackageReference section */

/* Begin XCSwiftPackageProductDependency section */
		C45DCA8E2AEAA42C00509892 /* Core */ = {
			isa = XCSwiftPackageProductDependency;
			package = C45DCA8D2AEAA42C00509892 /* XCRemoteSwiftPackageReference "ios-sdk" */;
			productName = Core;
		};
/* End XCSwiftPackageProductDependency section */
	};
	rootObject = C4A8BD902AC7758F00BA1323 /* Project object */;
}
