{
  "pins" : [
    {
      "identity" : "ios-sdk",
      "kind" : "remoteSourceControl",
      "location" : "https://github.com/causalfoundry/ios-sdk.git",
      "state" : {
        "branch" : "develop",
        "revision" : "b070b1e40c535435838bac527fea43edcc4a3966"
      }
    }
  ],
  "version" : 2
}
