{
  "pins" : [
    {
      "identity" : "chw_sdk",
      "kind" : "remoteSourceControl",
      "location" : "https://github.com/khushbupatel64/CHW_SDK.git",
      "state" : {
        "branch" : "develop",
        "revision" : "a92342e21a5e38851979eaa47c9c6a9800ed1f5f"
      }
    },
    {
      "identity" : "ios-sdk",
      "kind" : "remoteSourceControl",
      "location" : "https://github.com/causalfoundry/ios-sdk.git",
      "state" : {
        "branch" : "develop",
        "revision" : "1266a0779acebf6c92716032e75baa0ef4f02732"
      }
    }
  ],
  "version" : 2
}
